PODS:
  - audio_session (0.0.1):
    - FlutterMacOS
  - cupertino_http (0.0.1):
    - FlutterMacOS
  - desktop_drop (0.0.1):
    - FlutterMacOS
  - desktop_keep_screen_on (0.0.1):
    - FlutterMacOS
  - desktop_webview_window (0.0.1):
    - FlutterMacOS
  - device_info_plus (0.0.1):
    - FlutterMacOS
  - file_selector_macos (0.0.1):
    - FlutterMacOS
  - flutter_app_icon_badge (0.0.1):
    - FlutterMacOS
  - flutter_local_notifications (0.0.1):
    - FlutterMacOS
  - FlutterMacOS (1.0.0)
  - irondash_engine_context (0.0.1):
    - FlutterMacOS
  - local_auth_foundation (0.0.1):
    - Flutter
    - FlutterMacOS
  - mixin_logger (0.0.1):
    - FlutterMacOS
  - network_info_plus (0.0.1):
    - FlutterMacOS
  - ogg_opus_player (0.0.1):
    - FlutterMacOS
  - package_info_plus (0.0.1):
    - FlutterMacOS
  - path_provider_foundation (0.0.1):
    - Flutter
    - FlutterMacOS
  - platform_device_id (0.0.1):
    - FlutterMacOS
  - platform_device_id_macos (0.0.1):
    - FlutterMacOS
  - protocol_handler_macos (0.0.1):
    - FlutterMacOS
  - screen_retriever (0.0.1):
    - FlutterMacOS
  - sqlite3 (3.45.1):
    - sqlite3/common (= 3.45.1)
  - sqlite3/common (3.45.1)
  - sqlite3/fts5 (3.45.1):
    - sqlite3/common
  - sqlite3/perf-threadsafe (3.45.1):
    - sqlite3/common
  - sqlite3/rtree (3.45.1):
    - sqlite3/common
  - sqlite3_flutter_libs (0.0.1):
    - FlutterMacOS
    - sqlite3 (~> 3.45.1)
    - sqlite3/fts5
    - sqlite3/perf-threadsafe
    - sqlite3/rtree
  - super_native_extensions (0.0.1):
    - FlutterMacOS
  - url_launcher_macos (0.0.1):
    - FlutterMacOS
  - video_compress (0.3.0):
    - FlutterMacOS
  - video_player_avfoundation (0.0.1):
    - Flutter
    - FlutterMacOS
  - window_manager (0.2.0):
    - FlutterMacOS
  - window_size (0.0.2):
    - FlutterMacOS

DEPENDENCIES:
  - audio_session (from `Flutter/ephemeral/.symlinks/plugins/audio_session/macos`)
  - cupertino_http (from `Flutter/ephemeral/.symlinks/plugins/cupertino_http/macos`)
  - desktop_drop (from `Flutter/ephemeral/.symlinks/plugins/desktop_drop/macos`)
  - desktop_keep_screen_on (from `Flutter/ephemeral/.symlinks/plugins/desktop_keep_screen_on/macos`)
  - desktop_webview_window (from `Flutter/ephemeral/.symlinks/plugins/desktop_webview_window/macos`)
  - device_info_plus (from `Flutter/ephemeral/.symlinks/plugins/device_info_plus/macos`)
  - file_selector_macos (from `Flutter/ephemeral/.symlinks/plugins/file_selector_macos/macos`)
  - flutter_app_icon_badge (from `Flutter/ephemeral/.symlinks/plugins/flutter_app_icon_badge/macos`)
  - flutter_local_notifications (from `Flutter/ephemeral/.symlinks/plugins/flutter_local_notifications/macos`)
  - FlutterMacOS (from `Flutter/ephemeral`)
  - irondash_engine_context (from `Flutter/ephemeral/.symlinks/plugins/irondash_engine_context/macos`)
  - local_auth_foundation (from `Flutter/ephemeral/.symlinks/plugins/local_auth_foundation/darwin`)
  - mixin_logger (from `Flutter/ephemeral/.symlinks/plugins/mixin_logger/macos`)
  - network_info_plus (from `Flutter/ephemeral/.symlinks/plugins/network_info_plus/macos`)
  - ogg_opus_player (from `Flutter/ephemeral/.symlinks/plugins/ogg_opus_player/macos`)
  - package_info_plus (from `Flutter/ephemeral/.symlinks/plugins/package_info_plus/macos`)
  - path_provider_foundation (from `Flutter/ephemeral/.symlinks/plugins/path_provider_foundation/darwin`)
  - platform_device_id (from `Flutter/ephemeral/.symlinks/plugins/platform_device_id/macos`)
  - platform_device_id_macos (from `Flutter/ephemeral/.symlinks/plugins/platform_device_id_macos/macos`)
  - protocol_handler_macos (from `Flutter/ephemeral/.symlinks/plugins/protocol_handler_macos/macos`)
  - screen_retriever (from `Flutter/ephemeral/.symlinks/plugins/screen_retriever/macos`)
  - sqlite3_flutter_libs (from `Flutter/ephemeral/.symlinks/plugins/sqlite3_flutter_libs/macos`)
  - super_native_extensions (from `Flutter/ephemeral/.symlinks/plugins/super_native_extensions/macos`)
  - url_launcher_macos (from `Flutter/ephemeral/.symlinks/plugins/url_launcher_macos/macos`)
  - video_compress (from `Flutter/ephemeral/.symlinks/plugins/video_compress/macos`)
  - video_player_avfoundation (from `Flutter/ephemeral/.symlinks/plugins/video_player_avfoundation/darwin`)
  - window_manager (from `Flutter/ephemeral/.symlinks/plugins/window_manager/macos`)
  - window_size (from `Flutter/ephemeral/.symlinks/plugins/window_size/macos`)

SPEC REPOS:
  trunk:
    - sqlite3

EXTERNAL SOURCES:
  audio_session:
    :path: Flutter/ephemeral/.symlinks/plugins/audio_session/macos
  cupertino_http:
    :path: Flutter/ephemeral/.symlinks/plugins/cupertino_http/macos
  desktop_drop:
    :path: Flutter/ephemeral/.symlinks/plugins/desktop_drop/macos
  desktop_keep_screen_on:
    :path: Flutter/ephemeral/.symlinks/plugins/desktop_keep_screen_on/macos
  desktop_webview_window:
    :path: Flutter/ephemeral/.symlinks/plugins/desktop_webview_window/macos
  device_info_plus:
    :path: Flutter/ephemeral/.symlinks/plugins/device_info_plus/macos
  file_selector_macos:
    :path: Flutter/ephemeral/.symlinks/plugins/file_selector_macos/macos
  flutter_app_icon_badge:
    :path: Flutter/ephemeral/.symlinks/plugins/flutter_app_icon_badge/macos
  flutter_local_notifications:
    :path: Flutter/ephemeral/.symlinks/plugins/flutter_local_notifications/macos
  FlutterMacOS:
    :path: Flutter/ephemeral
  irondash_engine_context:
    :path: Flutter/ephemeral/.symlinks/plugins/irondash_engine_context/macos
  local_auth_foundation:
    :path: Flutter/ephemeral/.symlinks/plugins/local_auth_foundation/darwin
  mixin_logger:
    :path: Flutter/ephemeral/.symlinks/plugins/mixin_logger/macos
  network_info_plus:
    :path: Flutter/ephemeral/.symlinks/plugins/network_info_plus/macos
  ogg_opus_player:
    :path: Flutter/ephemeral/.symlinks/plugins/ogg_opus_player/macos
  package_info_plus:
    :path: Flutter/ephemeral/.symlinks/plugins/package_info_plus/macos
  path_provider_foundation:
    :path: Flutter/ephemeral/.symlinks/plugins/path_provider_foundation/darwin
  platform_device_id:
    :path: Flutter/ephemeral/.symlinks/plugins/platform_device_id/macos
  platform_device_id_macos:
    :path: Flutter/ephemeral/.symlinks/plugins/platform_device_id_macos/macos
  protocol_handler_macos:
    :path: Flutter/ephemeral/.symlinks/plugins/protocol_handler_macos/macos
  screen_retriever:
    :path: Flutter/ephemeral/.symlinks/plugins/screen_retriever/macos
  sqlite3_flutter_libs:
    :path: Flutter/ephemeral/.symlinks/plugins/sqlite3_flutter_libs/macos
  super_native_extensions:
    :path: Flutter/ephemeral/.symlinks/plugins/super_native_extensions/macos
  url_launcher_macos:
    :path: Flutter/ephemeral/.symlinks/plugins/url_launcher_macos/macos
  video_compress:
    :path: Flutter/ephemeral/.symlinks/plugins/video_compress/macos
  video_player_avfoundation:
    :path: Flutter/ephemeral/.symlinks/plugins/video_player_avfoundation/darwin
  window_manager:
    :path: Flutter/ephemeral/.symlinks/plugins/window_manager/macos
  window_size:
    :path: Flutter/ephemeral/.symlinks/plugins/window_size/macos

SPEC CHECKSUMS:
  audio_session: dea1f41890dbf1718f04a56f1d6150fd50039b72
  cupertino_http: afa11b9e2786b62da2671e4ddd32caf792503748
  desktop_drop: 69eeff437544aa619c8db7f4481b3a65f7696898
  desktop_keep_screen_on: 855ea723f37225b8fc7895cffa06fe89f4fabd46
  desktop_webview_window: d4365e71bcd4e1aa0c14cf0377aa24db0c16a7e2
  device_info_plus: 5401765fde0b8d062a2f8eb65510fb17e77cf07f
  file_selector_macos: 468fb6b81fac7c0e88d71317f3eec34c3b008ff9
  flutter_app_icon_badge: 099b018a4b36109fb73874411fb4e8b5febac20e
  flutter_local_notifications: 3805ca215b2fb7f397d78b66db91f6a747af52e4
  FlutterMacOS: 8f6f14fa908a6fb3fba0cd85dbd81ec4b251fb24
  irondash_engine_context: da62996ee25616d2f01bbeb85dc115d813359478
  local_auth_foundation: 7d1835ccc3ff0cfcf081d7bae330db0911218412
  mixin_logger: 011219cd258a9229c11e97e1b637e1c223330462
  network_info_plus: f4fbc7877ab7b3294500d9441dfa53cd54972d05
  ogg_opus_player: 67fc56771b16586b9b2478f848e632f751400604
  package_info_plus: fa739dd842b393193c5ca93c26798dff6e3d0e0c
  path_provider_foundation: 3784922295ac71e43754bd15e0653ccfd36a147c
  platform_device_id: 3e414428f45df149bbbfb623e2c0ca27c545b763
  platform_device_id_macos: f763bb55f088be804d61b96eb4710b8ab6598e94
  protocol_handler_macos: d10a6c01d6373389ffd2278013ab4c47ed6d6daa
  screen_retriever: 59634572a57080243dd1bf715e55b6c54f241a38
  sqlite3: 73b7fc691fdc43277614250e04d183740cb15078
  sqlite3_flutter_libs: 06a05802529659a272beac4ee1350bfec294f386
  super_native_extensions: 85efee3a7495b46b04befcfc86ed12069264ebf3
  url_launcher_macos: d2691c7dd33ed713bf3544850a623080ec693d95
  video_compress: c896234f100791b5fef7f049afa38f6d2ef7b42f
  video_player_avfoundation: 02011213dab73ae3687df27ce441fbbcc82b5579
  window_manager: 3a1844359a6295ab1e47659b1a777e36773cd6e8
  window_size: 339dafa0b27a95a62a843042038fa6c3c48de195

PODFILE CHECKSUM: 353c8bcc5d5b0994e508d035b5431cfe18c1dea7

COCOAPODS: 1.15.2
