{
  "originHash" : "8b776c9701b625225616ef384b97b4edc8b806938de37ac30edee4f152fe5fa1",
  "pins" : [
    {
      "identity" : "csqlite",
      "kind" : "remoteSourceControl",
      "location" : "https://github.com/simolus3/CSQLite.git",
      "state" : {
        "revision" : "835349f65fe2c7ba6558616f1a5e0aa7c0c9c897"
      }
    },
    {
      "identity" : "sentry-cocoa",
      "kind" : "remoteSourceControl",
      "location" : "https://github.com/getsentry/sentry-cocoa",
      "state" : {
        "revision" : "11aee2d3efdd74db8ce51533118500d140210292",
        "version" : "8.51.0"
      }
    }
  ],
  "version" : 3
}
